
Microsoft Visual Studio Solution File, Format Version 12.00
# Visual Studio 15
VisualStudioVersion = 15.0.27428.2015
MinimumVisualStudioVersion = 10.0.40219.1
Project("{FAE04EC0-301F-11D3-BF4B-00C04F79EFBC}") = "WebApi", "WebApi\WebApi.csproj", "{9D9C3B36-43B2-4428-8998-BC773E0529BF}"
EndProject
Project("{FAE04EC0-301F-11D3-BF4B-00C04F79EFBC}") = "MVC", "MVC\MVC.csproj", "{00C77D9A-E428-483A-8FA7-1A2C5A32D579}"
EndProject
Global
	GlobalSection(SolutionConfigurationPlatforms) = preSolution
		Debug|Any CPU = Debug|Any CPU
		Release|Any CPU = Release|Any CPU
	EndGlobalSection
	GlobalSection(ProjectConfigurationPlatforms) = postSolution
		{9D9C3B36-43B2-4428-8998-BC773E0529BF}.Debug|Any CPU.ActiveCfg = Debug|Any CPU
		{9D9C3B36-43B2-4428-8998-BC773E0529BF}.Debug|Any CPU.Build.0 = Debug|Any CPU
		{9D9C3B36-43B2-4428-8998-BC773E0529BF}.Release|Any CPU.ActiveCfg = Release|Any CPU
		{9D9C3B36-43B2-4428-8998-BC773E0529BF}.Release|Any CPU.Build.0 = Release|Any CPU
		{00C77D9A-E428-483A-8FA7-1A2C5A32D579}.Debug|Any CPU.ActiveCfg = Debug|Any CPU
		{00C77D9A-E428-483A-8FA7-1A2C5A32D579}.Debug|Any CPU.Build.0 = Debug|Any CPU
		{00C77D9A-E428-483A-8FA7-1A2C5A32D579}.Release|Any CPU.ActiveCfg = Release|Any CPU
		{00C77D9A-E428-483A-8FA7-1A2C5A32D579}.Release|Any CPU.Build.0 = Release|Any CPU
	EndGlobalSection
	GlobalSection(SolutionProperties) = preSolution
		HideSolutionNode = FALSE
	EndGlobalSection
	GlobalSection(ExtensibilityGlobals) = postSolution
		SolutionGuid = {46DB1591-0A52-406B-9679-6A708D5EAA84}
	EndGlobalSection
EndGlobal
